
Microsoft Visual Studio Solution File, Format Version 12.00
# Visual Studio Version 17
VisualStudioVersion = 17.1.32210.238
MinimumVisualStudioVersion = 10.0.40219.1
Project("{FAE04EC0-301F-11D3-BF4B-00C04F79EFBC}") = "Areadoperimetro", "Exercicio15-03-2022-Areadoperimetro\Areadoperimetro.csproj", "{037D5630-5E44-4F38-9516-3317D81E7769}"
EndProject
Global
	GlobalSection(SolutionConfigurationPlatforms) = preSolution
		Debug|Any CPU = Debug|Any CPU
		Release|Any CPU = Release|Any CPU
	EndGlobalSection
	GlobalSection(ProjectConfigurationPlatforms) = postSolution
		{037D5630-5E44-4F38-9516-3317D81E7769}.Debug|Any CPU.ActiveCfg = Debug|Any CPU
		{037D5630-5E44-4F38-9516-3317D81E7769}.Debug|Any CPU.Build.0 = Debug|Any CPU
		{037D5630-5E44-4F38-9516-3317D81E7769}.Release|Any CPU.ActiveCfg = Release|Any CPU
		{037D5630-5E44-4F38-9516-3317D81E7769}.Release|Any CPU.Build.0 = Release|Any CPU
	EndGlobalSection
	GlobalSection(SolutionProperties) = preSolution
		HideSolutionNode = FALSE
	EndGlobalSection
	GlobalSection(ExtensibilityGlobals) = postSolution
		SolutionGuid = {A50C056F-90D3-46B8-B3C8-FEC9975601E2}
	EndGlobalSection
EndGlobal
